hash: 4117986e28289236f6fc5751f2f43b1cc1a7fa169c839faf03156c57c5f4ea50
updated: 2017-08-30T15:55:23.712429037+07:00
imports:
- name: github.com/cenk/backoff
  version: 61153c768f31ee5f130071d08fc82b85208528de
- name: github.com/facebookgo/clock
  version: 600d898af40aa09a7a93ecb9265d87b0504b6f03
- name: github.com/rubyist/circuitbreaker
  version: 7e3e7fbe9c62b943d487af023566a79d9eb22d3b
- name: golang.org/x/net
  version: 66aacef3dd8a676686c7ae3716979581e8b03c47
  subpackages:
  - context
testImports: []
